// !$*UTF8*$!
{
	archiveVersion = 1;
	classes = {
	};
	objectVersion = 46;
	objects = {

/* Begin PBXBuildFile section */
		AC3D8F321CE191FB00B794DE /* main.m in Sources */ = {isa = PBXBuildFile; fileRef = AC3D8F311CE191FB00B794DE /* main.m */; };
		AC3D8F351CE191FB00B794DE /* AppDelegate.m in Sources */ = {isa = PBXBuildFile; fileRef = AC3D8F341CE191FB00B794DE /* AppDelegate.m */; };
		AC3D8F381CE191FB00B794DE /* ViewController.m in Sources */ = {isa = PBXBuildFile; fileRef = AC3D8F371CE191FB00B794DE /* ViewController.m */; };
		AC3D8F3B1CE191FB00B794DE /* Main.storyboard in Resources */ = {isa = PBXBuildFile; fileRef = AC3D8F391CE191FB00B794DE /* Main.storyboard */; };
		AC3D8F3D1CE191FB00B794DE /* Assets.xcassets in Resources */ = {isa = PBXBuildFile; fileRef = AC3D8F3C1CE191FB00B794DE /* Assets.xcassets */; };
		AC3D8F401CE191FB00B794DE /* LaunchScreen.storyboard in Resources */ = {isa = PBXBuildFile; fileRef = AC3D8F3E1CE191FB00B794DE /* LaunchScreen.storyboard */; };
		AC3D8F4A1CE1931100B794DE /* MFScanQRView.m in Sources */ = {isa = PBXBuildFile; fileRef = AC3D8F491CE1931100B794DE /* MFScanQRView.m */; };
		AC3D8F511CE1DEAB00B794DE /* MFScanQR.bundle in Resources */ = {isa = PBXBuildFile; fileRef = AC3D8F501CE1DEAB00B794DE /* MFScanQR.bundle */; };
/* End PBXBuildFile section */

/* Begin PBXFileReference section */
		AC3D8F2D1CE191FB00B794DE /* MFScanQRDemo.app */ = {isa = PBXFileReference; explicitFileType = wrapper.application; includeInIndex = 0; path = MFScanQRDemo.app; sourceTree = BUILT_PRODUCTS_DIR; };
		AC3D8F311CE191FB00B794DE /* main.m */ = {isa = PBXFileReference; lastKnownFileType = sourcecode.c.objc; path = main.m; sourceTree = "<group>"; };
		AC3D8F331CE191FB00B794DE /* AppDelegate.h */ = {isa = PBXFileReference; lastKnownFileType = sourcecode.c.h; path = AppDelegate.h; sourceTree = "<group>"; };
		AC3D8F341CE191FB00B794DE /* AppDelegate.m */ = {isa = PBXFileReference; lastKnownFileType = sourcecode.c.objc; path = AppDelegate.m; sourceTree = "<group>"; };
		AC3D8F361CE191FB00B794DE /* ViewController.h */ = {isa = PBXFileReference; lastKnownFileType = sourcecode.c.h; path = ViewController.h; sourceTree = "<group>"; };
		AC3D8F371CE191FB00B794DE /* ViewController.m */ = {isa = PBXFileReference; lastKnownFileType = sourcecode.c.objc; path = ViewController.m; sourceTree = "<group>"; };
		AC3D8F3A1CE191FB00B794DE /* Base */ = {isa = PBXFileReference; lastKnownFileType = file.storyboard; name = Base; path = Base.lproj/Main.storyboard; sourceTree = "<group>"; };
		AC3D8F3C1CE191FB00B794DE /* Assets.xcassets */ = {isa = PBXFileReference; lastKnownFileType = folder.assetcatalog; path = Assets.xcassets; sourceTree = "<group>"; };
		AC3D8F3F1CE191FB00B794DE /* Base */ = {isa = PBXFileReference; lastKnownFileType = file.storyboard; name = Base; path = Base.lproj/LaunchScreen.storyboard; sourceTree = "<group>"; };
		AC3D8F411CE191FB00B794DE /* Info.plist */ = {isa = PBXFileReference; lastKnownFileType = text.plist.xml; path = Info.plist; sourceTree = "<group>"; };
		AC3D8F481CE1931100B794DE /* MFScanQRView.h */ = {isa = PBXFileReference; fileEncoding = 4; lastKnownFileType = sourcecode.c.h; path = MFScanQRView.h; sourceTree = "<group>"; };
		AC3D8F491CE1931100B794DE /* MFScanQRView.m */ = {isa = PBXFileReference; fileEncoding = 4; lastKnownFileType = sourcecode.c.objc; path = MFScanQRView.m; sourceTree = "<group>"; };
		AC3D8F501CE1DEAB00B794DE /* MFScanQR.bundle */ = {isa = PBXFileReference; lastKnownFileType = "wrapper.plug-in"; path = MFScanQR.bundle; sourceTree = "<group>"; };
/* End PBXFileReference section */

/* Begin PBXFrameworksBuildPhase section */
		AC3D8F2A1CE191FB00B794DE /* Frameworks */ = {
			isa = PBXFrameworksBuildPhase;
			buildActionMask = 2147483647;
			files = (
			);
			runOnlyForDeploymentPostprocessing = 0;
		};
/* End PBXFrameworksBuildPhase section */

/* Begin PBXGroup section */
		AC3D8F241CE191FB00B794DE = {
			isa = PBXGroup;
			children = (
				AC3D8F2F1CE191FB00B794DE /* MFScanQRDemo */,
				AC3D8F2E1CE191FB00B794DE /* Products */,
			);
			sourceTree = "<group>";
		};
		AC3D8F2E1CE191FB00B794DE /* Products */ = {
			isa = PBXGroup;
			children = (
				AC3D8F2D1CE191FB00B794DE /* MFScanQRDemo.app */,
			);
			name = Products;
			sourceTree = "<group>";
		};
		AC3D8F2F1CE191FB00B794DE /* MFScanQRDemo */ = {
			isa = PBXGroup;
			children = (
				AC3D8F471CE1922800B794DE /* MFScanQR */,
				AC3D8F331CE191FB00B794DE /* AppDelegate.h */,
				AC3D8F341CE191FB00B794DE /* AppDelegate.m */,
				AC3D8F361CE191FB00B794DE /* ViewController.h */,
				AC3D8F371CE191FB00B794DE /* ViewController.m */,
				AC3D8F391CE191FB00B794DE /* Main.storyboard */,
				AC3D8F3C1CE191FB00B794DE /* Assets.xcassets */,
				AC3D8F3E1CE191FB00B794DE /* LaunchScreen.storyboard */,
				AC3D8F411CE191FB00B794DE /* Info.plist */,
				AC3D8F301CE191FB00B794DE /* Supporting Files */,
			);
			path = MFScanQRDemo;
			sourceTree = "<group>";
		};
		AC3D8F301CE191FB00B794DE /* Supporting Files */ = {
			isa = PBXGroup;
			children = (
				AC3D8F311CE191FB00B794DE /* main.m */,
			);
			name = "Supporting Files";
			sourceTree = "<group>";
		};
		AC3D8F471CE1922800B794DE /* MFScanQR */ = {
			isa = PBXGroup;
			children = (
				AC3D8F501CE1DEAB00B794DE /* MFScanQR.bundle */,
				AC3D8F481CE1931100B794DE /* MFScanQRView.h */,
				AC3D8F491CE1931100B794DE /* MFScanQRView.m */,
			);
			path = MFScanQR;
			sourceTree = "<group>";
		};
/* End PBXGroup section */

/* Begin PBXNativeTarget section */
		AC3D8F2C1CE191FB00B794DE /* MFScanQRDemo */ = {
			isa = PBXNativeTarget;
			buildConfigurationList = AC3D8F441CE191FB00B794DE /* Build configuration list for PBXNativeTarget "MFScanQRDemo" */;
			buildPhases = (
				AC3D8F291CE191FB00B794DE /* Sources */,
				AC3D8F2A1CE191FB00B794DE /* Frameworks */,
				AC3D8F2B1CE191FB00B794DE /* Resources */,
			);
			buildRules = (
			);
			dependencies = (
			);
			name = MFScanQRDemo;
			productName = MFScanQRDemo;
			productReference = AC3D8F2D1CE191FB00B794DE /* MFScanQRDemo.app */;
			productType = "com.apple.product-type.application";
		};
/* End PBXNativeTarget section */

/* Begin PBXProject section */
		AC3D8F251CE191FB00B794DE /* Project object */ = {
			isa = PBXProject;
			attributes = {
				LastUpgradeCheck = 0730;
				ORGANIZATIONNAME = MF;
				TargetAttributes = {
					AC3D8F2C1CE191FB00B794DE = {
						CreatedOnToolsVersion = 7.3;
					};
				};
			};
			buildConfigurationList = AC3D8F281CE191FB00B794DE /* Build configuration list for PBXProject "MFScanQRDemo" */;
			compatibilityVersion = "Xcode 3.2";
			developmentRegion = English;
			hasScannedForEncodings = 0;
			knownRegions = (
				en,
				Base,
			);
			mainGroup = AC3D8F241CE191FB00B794DE;
			productRefGroup = AC3D8F2E1CE191FB00B794DE /* Products */;
			projectDirPath = "";
			projectRoot = "";
			targets = (
				AC3D8F2C1CE191FB00B794DE /* MFScanQRDemo */,
			);
		};
/* End PBXProject section */

/* Begin PBXResourcesBuildPhase section */
		AC3D8F2B1CE191FB00B794DE /* Resources */ = {
			isa = PBXResourcesBuildPhase;
			buildActionMask = 2147483647;
			files = (
				AC3D8F401CE191FB00B794DE /* LaunchScreen.storyboard in Resources */,
				AC3D8F3D1CE191FB00B794DE /* Assets.xcassets in Resources */,
				AC3D8F3B1CE191FB00B794DE /* Main.storyboard in Resources */,
				AC3D8F511CE1DEAB00B794DE /* MFScanQR.bundle in Resources */,
			);
			runOnlyForDeploymentPostprocessing = 0;
		};
/* End PBXResourcesBuildPhase section */

/* Begin PBXSourcesBuildPhase section */
		AC3D8F291CE191FB00B794DE /* Sources */ = {
			isa = PBXSourcesBuildPhase;
			buildActionMask = 2147483647;
			files = (
				AC3D8F381CE191FB00B794DE /* ViewController.m in Sources */,
				AC3D8F351CE191FB00B794DE /* AppDelegate.m in Sources */,
				AC3D8F321CE191FB00B794DE /* main.m in Sources */,
				AC3D8F4A1CE1931100B794DE /* MFScanQRView.m in Sources */,
			);
			runOnlyForDeploymentPostprocessing = 0;
		};
/* End PBXSourcesBuildPhase section */

/* Begin PBXVariantGroup section */
		AC3D8F391CE191FB00B794DE /* Main.storyboard */ = {
			isa = PBXVariantGroup;
			children = (
				AC3D8F3A1CE191FB00B794DE /* Base */,
			);
			name = Main.storyboard;
			sourceTree = "<group>";
		};
		AC3D8F3E1CE191FB00B794DE /* LaunchScreen.storyboard */ = {
			isa = PBXVariantGroup;
			children = (
				AC3D8F3F1CE191FB00B794DE /* Base */,
			);
			name = LaunchScreen.storyboard;
			sourceTree = "<group>";
		};
/* End PBXVariantGroup section */

/* Begin XCBuildConfiguration section */
		AC3D8F421CE191FB00B794DE /* Debug */ = {
			isa = XCBuildConfiguration;
			buildSettings = {
				ALWAYS_SEARCH_USER_PATHS = NO;
				CLANG_ANALYZER_NONNULL = YES;
				CLANG_CXX_LANGUAGE_STANDARD = "gnu++0x";
				CLANG_CXX_LIBRARY = "libc++";
				CLANG_ENABLE_MODULES = YES;
				CLANG_ENABLE_OBJC_ARC = YES;
				CLANG_WARN_BOOL_CONVERSION = YES;
				CLANG_WARN_CONSTANT_CONVERSION = YES;
				CLANG_WARN_DIRECT_OBJC_ISA_USAGE = YES_ERROR;
				CLANG_WARN_EMPTY_BODY = YES;
				CLANG_WARN_ENUM_CONVERSION = YES;
				CLANG_WARN_INT_CONVERSION = YES;
				CLANG_WARN_OBJC_ROOT_CLASS = YES_ERROR;
				CLANG_WARN_UNREACHABLE_CODE = YES;
				CLANG_WARN__DUPLICATE_METHOD_MATCH = YES;
				"CODE_SIGN_IDENTITY[sdk=iphoneos*]" = "iPhone Developer";
				COPY_PHASE_STRIP = NO;
				DEBUG_INFORMATION_FORMAT = dwarf;
				ENABLE_STRICT_OBJC_MSGSEND = YES;
				ENABLE_TESTABILITY = YES;
				GCC_C_LANGUAGE_STANDARD = gnu99;
				GCC_DYNAMIC_NO_PIC = NO;
				GCC_NO_COMMON_BLOCKS = YES;
				GCC_OPTIMIZATION_LEVEL = 0;
				GCC_PREPROCESSOR_DEFINITIONS = (
					"DEBUG=1",
					"$(inherited)",
				);
				GCC_WARN_64_TO_32_BIT_CONVERSION = YES;
				GCC_WARN_ABOUT_RETURN_TYPE = YES_ERROR;
				GCC_WARN_UNDECLARED_SELECTOR = YES;
				GCC_WARN_UNINITIALIZED_AUTOS = YES_AGGRESSIVE;
				GCC_WARN_UNUSED_FUNCTION = YES;
				GCC_WARN_UNUSED_VARIABLE = YES;
				IPHONEOS_DEPLOYMENT_TARGET = 9.3;
				MTL_ENABLE_DEBUG_INFO = YES;
				ONLY_ACTIVE_ARCH = YES;
				SDKROOT = iphoneos;
				TARGETED_DEVICE_FAMILY = "1,2";
			};
			name = Debug;
		};
		AC3D8F431CE191FB00B794DE /* Release */ = {
			isa = XCBuildConfiguration;
			buildSettings = {
				ALWAYS_SEARCH_USER_PATHS = NO;
				CLANG_ANALYZER_NONNULL = YES;
				CLANG_CXX_LANGUAGE_STANDARD = "gnu++0x";
				CLANG_CXX_LIBRARY = "libc++";
				CLANG_ENABLE_MODULES = YES;
				CLANG_ENABLE_OBJC_ARC = YES;
				CLANG_WARN_BOOL_CONVERSION = YES;
				CLANG_WARN_CONSTANT_CONVERSION = YES;
				CLANG_WARN_DIRECT_OBJC_ISA_USAGE = YES_ERROR;
				CLANG_WARN_EMPTY_BODY = YES;
				CLANG_WARN_ENUM_CONVERSION = YES;
				CLANG_WARN_INT_CONVERSION = YES;
				CLANG_WARN_OBJC_ROOT_CLASS = YES_ERROR;
				CLANG_WARN_UNREACHABLE_CODE = YES;
				CLANG_WARN__DUPLICATE_METHOD_MATCH = YES;
				"CODE_SIGN_IDENTITY[sdk=iphoneos*]" = "iPhone Developer";
				COPY_PHASE_STRIP = NO;
				DEBUG_INFORMATION_FORMAT = "dwarf-with-dsym";
				ENABLE_NS_ASSERTIONS = NO;
				ENABLE_STRICT_OBJC_MSGSEND = YES;
				GCC_C_LANGUAGE_STANDARD = gnu99;
				GCC_NO_COMMON_BLOCKS = YES;
				GCC_WARN_64_TO_32_BIT_CONVERSION = YES;
				GCC_WARN_ABOUT_RETURN_TYPE = YES_ERROR;
				GCC_WARN_UNDECLARED_SELECTOR = YES;
				GCC_WARN_UNINITIALIZED_AUTOS = YES_AGGRESSIVE;
				GCC_WARN_UNUSED_FUNCTION = YES;
				GCC_WARN_UNUSED_VARIABLE = YES;
				IPHONEOS_DEPLOYMENT_TARGET = 9.3;
				MTL_ENABLE_DEBUG_INFO = NO;
				SDKROOT = iphoneos;
				TARGETED_DEVICE_FAMILY = "1,2";
				VALIDATE_PRODUCT = YES;
			};
			name = Release;
		};
		AC3D8F451CE191FB00B794DE /* Debug */ = {
			isa = XCBuildConfiguration;
			buildSettings = {
				ASSETCATALOG_COMPILER_APPICON_NAME = AppIcon;
				INFOPLIST_FILE = MFScanQRDemo/Info.plist;
				IPHONEOS_DEPLOYMENT_TARGET = 7.0;
				LD_RUNPATH_SEARCH_PATHS = "$(inherited) @executable_path/Frameworks";
				PRODUCT_BUNDLE_IDENTIFIER = com.MFScanQRDemo;
				PRODUCT_NAME = "$(TARGET_NAME)";
			};
			name = Debug;
		};
		AC3D8F461CE191FB00B794DE /* Release */ = {
			isa = XCBuildConfiguration;
			buildSettings = {
				ASSETCATALOG_COMPILER_APPICON_NAME = AppIcon;
				INFOPLIST_FILE = MFScanQRDemo/Info.plist;
				IPHONEOS_DEPLOYMENT_TARGET = 7.0;
				LD_RUNPATH_SEARCH_PATHS = "$(inherited) @executable_path/Frameworks";
				PRODUCT_BUNDLE_IDENTIFIER = com.MFScanQRDemo;
				PRODUCT_NAME = "$(TARGET_NAME)";
			};
			name = Release;
		};
/* End XCBuildConfiguration section */

/* Begin XCConfigurationList section */
		AC3D8F281CE191FB00B794DE /* Build configuration list for PBXProject "MFScanQRDemo" */ = {
			isa = XCConfigurationList;
			buildConfigurations = (
				AC3D8F421CE191FB00B794DE /* Debug */,
				AC3D8F431CE191FB00B794DE /* Release */,
			);
			defaultConfigurationIsVisible = 0;
			defaultConfigurationName = Release;
		};
		AC3D8F441CE191FB00B794DE /* Build configuration list for PBXNativeTarget "MFScanQRDemo" */ = {
			isa = XCConfigurationList;
			buildConfigurations = (
				AC3D8F451CE191FB00B794DE /* Debug */,
				AC3D8F461CE191FB00B794DE /* Release */,
			);
			defaultConfigurationIsVisible = 0;
			defaultConfigurationName = Release;
		};
/* End XCConfigurationList section */
	};
	rootObject = AC3D8F251CE191FB00B794DE /* Project object */;
}
